{
    "version": 3,
    "terraform_version": "0.7.9",
    "serial": 12,
    "lineage": "d2b0fbfe-1ad4-4920-ac05-b2286475d21a",
    "modules": [
        {
            "path": [
                "root"
            ],
            "outputs": {
                "docker-node0-public-ip": {
                    "sensitive": false,
                    "type": "string",
                    "value": "35.154.150.8"
                }
            },
            "resources": {},
            "depends_on": []
        },
        {
            "path": [
                "root",
                "default_sg_allow_ssh"
            ],
            "outputs": {},
            "resources": {
                "aws_security_group_rule.sg_rule": {
                    "type": "aws_security_group_rule",
                    "depends_on": [],
                    "primary": {
                        "id": "sgrule-444795077",
                        "attributes": {
                            "cidr_blocks.#": "1",
                            "cidr_blocks.0": "0.0.0.0/0",
                            "from_port": "22",
                            "id": "sgrule-444795077",
                            "protocol": "tcp",
                            "security_group_id": "sg-58c1bf31",
                            "self": "false",
                            "to_port": "22",
                            "type": "ingress"
                        },
                        "meta": {
                            "schema_version": "2"
                        },
                        "tainted": false
                    },
                    "deposed": [],
                    "provider": ""
                }
            },
            "depends_on": []
        },
        {
            "path": [
                "root",
                "docker-node0"
            ],
            "outputs": {
                "public_ip": {
                    "sensitive": false,
                    "type": "string",
                    "value": "35.154.150.8"
                }
            },
            "resources": {
                "aws_instance.instance": {
                    "type": "aws_instance",
                    "depends_on": [
                        "data.template_file.bootstrap"
                    ],
                    "primary": {
                        "id": "i-031165f289895410d",
                        "attributes": {
                            "ami": "ami-b4c7addb",
                            "associate_public_ip_address": "true",
                            "availability_zone": "ap-south-1a",
                            "disable_api_termination": "false",
                            "ebs_block_device.#": "0",
                            "ebs_optimized": "false",
                            "ephemeral_block_device.#": "0",
                            "iam_instance_profile": "",
                            "id": "i-031165f289895410d",
                            "instance_state": "running",
                            "instance_type": "t2.micro",
                            "key_name": "sandy-keypair",
                            "monitoring": "false",
                            "network_interface_id": "eni-aad849c2",
                            "private_dns": "ip-172-16-6-47.ap-south-1.compute.internal",
                            "private_ip": "172.16.6.47",
                            "public_dns": "ec2-35-154-150-8.ap-south-1.compute.amazonaws.com",
                            "public_ip": "35.154.150.8",
                            "root_block_device.#": "1",
                            "root_block_device.0.delete_on_termination": "true",
                            "root_block_device.0.iops": "300",
                            "root_block_device.0.volume_size": "100",
                            "root_block_device.0.volume_type": "gp2",
                            "security_groups.#": "0",
                            "source_dest_check": "true",
                            "subnet_id": "subnet-9beb6af2",
                            "tags.%": "1",
                            "tags.Name": "sandy-docker-node0",
                            "tenancy": "default",
                            "user_data": "24704393d062787fb6db83f70a7a1869ad831c12",
                            "vpc_security_group_ids.#": "1",
                            "vpc_security_group_ids.1887586333": "sg-58c1bf31"
                        },
                        "meta": {
                            "schema_version": "1"
                        },
                        "tainted": false
                    },
                    "deposed": [],
                    "provider": ""
                },
                "aws_route53_record.route53_record": {
                    "type": "aws_route53_record",
                    "depends_on": [
                        "aws_instance.instance"
                    ],
                    "primary": {
                        "id": "Z1462DWD3X30MB_sandy-docker-node0_A",
                        "attributes": {
                            "fqdn": "sandy-docker-node0.internal.sandy.com",
                            "health_check_id": "",
                            "id": "Z1462DWD3X30MB_sandy-docker-node0_A",
                            "name": "sandy-docker-node0",
                            "records.#": "1",
                            "records.2729796893": "172.16.6.47",
                            "set_identifier": "",
                            "ttl": "30",
                            "type": "A",
                            "zone_id": "Z1462DWD3X30MB"
                        },
                        "meta": {
                            "schema_version": "2"
                        },
                        "tainted": false
                    },
                    "deposed": [],
                    "provider": ""
                },
                "data.template_file.bootstrap": {
                    "type": "template_file",
                    "depends_on": [],
                    "primary": {
                        "id": "5372e698b8eb1c2e038641f7e66371f52c698b720565b787d7aaa0112e4dd993",
                        "attributes": {
                            "id": "5372e698b8eb1c2e038641f7e66371f52c698b720565b787d7aaa0112e4dd993",
                            "rendered": "#!/bin/bash\n\nyum -y update\n\ntee /etc/yum.repos.d/docker.repo \u003c\u003c-'EOF'\n[dockerrepo]\nname=Docker Repository\nbaseurl=https://yum.dockerproject.org/repo/main/centos/7/\nenabled=1\ngpgcheck=1\ngpgkey=https://yum.dockerproject.org/gpg\nEOF\n\nyum -y install docker-engine\n\nsystemctl enable docker.service\n\nsystemctl start docker\n\nusermod -g docker centos\n",
                            "template": "#!/bin/bash\n\nyum -y update\n\ntee /etc/yum.repos.d/docker.repo \u003c\u003c-'EOF'\n[dockerrepo]\nname=Docker Repository\nbaseurl=https://yum.dockerproject.org/repo/main/centos/7/\nenabled=1\ngpgcheck=1\ngpgkey=https://yum.dockerproject.org/gpg\nEOF\n\nyum -y install docker-engine\n\nsystemctl enable docker.service\n\nsystemctl start docker\n\nusermod -g docker centos\n"
                        },
                        "meta": {},
                        "tainted": false
                    },
                    "deposed": [],
                    "provider": ""
                }
            },
            "depends_on": []
        },
        {
            "path": [
                "root",
                "key_pair"
            ],
            "outputs": {
                "id": {
                    "sensitive": false,
                    "type": "string",
                    "value": "sandy-keypair"
                }
            },
            "resources": {
                "aws_key_pair.key_pair": {
                    "type": "aws_key_pair",
                    "depends_on": [],
                    "primary": {
                        "id": "sandy-keypair",
                        "attributes": {
                            "id": "sandy-keypair",
                            "key_name": "sandy-keypair",
                            "public_key": "ssh-rsa AAAAB3NzaC1yc2EAAAADAQABAAABAQDAV9d9r9lKeflg22GqeYNNNgs5HyjFnnmpHKFxLIkVo+BdFU/tPKcArZ9FKk2mB+EftaL2pB/8y+7Ly1Ob6CcLq/0VIQcjyMcTR2RNxyLb6+3ZCkfFeHlcSvbFMeNGmvZXWPMWObZaxtQbLRAO2VLeceVtsY0tedBSiVuiLOVMEI6rG6366/GNU6/pjzAz/lqJYmC5YflOTCDoTf42n6IjRULIn6oXiQ8je3NKEKVdXMz+cWCINCllWunQntT23Gk3dz4vlZzOqQobbxyB4B6D8Di4+ITj7OmqIOwBoq02qTCGMqjPCxCsAH/GIKEfxkA++8AMAL2ddZu3AzWKVU53 root@b44e0013b984"
                        },
                        "meta": {
                            "schema_version": "1"
                        },
                        "tainted": false
                    },
                    "deposed": [],
                    "provider": ""
                }
            },
            "depends_on": []
        },
        {
            "path": [
                "root",
                "mgmt_subnet"
            ],
            "outputs": {
                "id": {
                    "sensitive": false,
                    "type": "string",
                    "value": "subnet-9beb6af2"
                }
            },
            "resources": {
                "aws_subnet.subnet": {
                    "type": "aws_subnet",
                    "depends_on": [],
                    "primary": {
                        "id": "subnet-9beb6af2",
                        "attributes": {
                            "availability_zone": "ap-south-1a",
                            "cidr_block": "172.16.0.0/16",
                            "id": "subnet-9beb6af2",
                            "map_public_ip_on_launch": "true",
                            "tags.%": "1",
                            "tags.Name": "private-sn",
                            "vpc_id": "vpc-dc0084b5"
                        },
                        "meta": {},
                        "tainted": false
                    },
                    "deposed": [],
                    "provider": ""
                }
            },
            "depends_on": []
        },
        {
            "path": [
                "root",
                "vpc"
            ],
            "outputs": {
                "default_sg_id": {
                    "sensitive": false,
                    "type": "string",
                    "value": "sg-58c1bf31"
                },
                "id": {
                    "sensitive": false,
                    "type": "string",
                    "value": "vpc-dc0084b5"
                },
                "public_route_table_id": {
                    "sensitive": false,
                    "type": "string",
                    "value": "rtb-573db23e"
                },
                "zone_id": {
                    "sensitive": false,
                    "type": "string",
                    "value": "Z1462DWD3X30MB"
                }
            },
            "resources": {
                "aws_internet_gateway.igw": {
                    "type": "aws_internet_gateway",
                    "depends_on": [
                        "aws_vpc.vpc"
                    ],
                    "primary": {
                        "id": "igw-c63490af",
                        "attributes": {
                            "id": "igw-c63490af",
                            "tags.%": "1",
                            "tags.Name": "sandy-igw",
                            "vpc_id": "vpc-dc0084b5"
                        },
                        "meta": {},
                        "tainted": false
                    },
                    "deposed": [],
                    "provider": ""
                },
                "aws_route.public_internet_gateway": {
                    "type": "aws_route",
                    "depends_on": [
                        "aws_internet_gateway.igw",
                        "aws_vpc.vpc"
                    ],
                    "primary": {
                        "id": "r-rtb-573db23e1080289494",
                        "attributes": {
                            "destination_cidr_block": "0.0.0.0/0",
                            "destination_prefix_list_id": "",
                            "gateway_id": "igw-c63490af",
                            "id": "r-rtb-573db23e1080289494",
                            "instance_id": "",
                            "instance_owner_id": "",
                            "nat_gateway_id": "",
                            "network_interface_id": "",
                            "origin": "CreateRoute",
                            "route_table_id": "rtb-573db23e",
                            "state": "active",
                            "vpc_peering_connection_id": ""
                        },
                        "meta": {},
                        "tainted": false
                    },
                    "deposed": [],
                    "provider": ""
                },
                "aws_route53_zone.route53_zone": {
                    "type": "aws_route53_zone",
                    "depends_on": [
                        "aws_vpc.vpc"
                    ],
                    "primary": {
                        "id": "Z1462DWD3X30MB",
                        "attributes": {
                            "comment": "Managed by Terraform",
                            "force_destroy": "false",
                            "id": "Z1462DWD3X30MB",
                            "name": "internal.sandy.com",
                            "name_servers.#": "4",
                            "name_servers.0": "ns-0.awsdns-00.com.",
                            "name_servers.1": "ns-1024.awsdns-00.org.",
                            "name_servers.2": "ns-1536.awsdns-00.co.uk.",
                            "name_servers.3": "ns-512.awsdns-00.net.",
                            "tags.%": "1",
                            "tags.Name": "internal.sandy.com",
                            "vpc_id": "vpc-dc0084b5",
                            "vpc_region": "ap-south-1",
                            "zone_id": "Z1462DWD3X30MB"
                        },
                        "meta": {},
                        "tainted": false
                    },
                    "deposed": [],
                    "provider": ""
                },
                "aws_vpc.vpc": {
                    "type": "aws_vpc",
                    "depends_on": [],
                    "primary": {
                        "id": "vpc-dc0084b5",
                        "attributes": {
                            "cidr_block": "172.16.0.0/16",
                            "default_network_acl_id": "acl-83ab27ea",
                            "default_route_table_id": "rtb-573db23e",
                            "default_security_group_id": "sg-58c1bf31",
                            "dhcp_options_id": "dopt-d67ed2bf",
                            "enable_dns_hostnames": "true",
                            "enable_dns_support": "true",
                            "id": "vpc-dc0084b5",
                            "instance_tenancy": "default",
                            "main_route_table_id": "rtb-573db23e",
                            "tags.%": "1",
                            "tags.Name": "sandy"
                        },
                        "meta": {},
                        "tainted": false
                    },
                    "deposed": [],
                    "provider": ""
                }
            },
            "depends_on": []
        }
    ]
}
